
Microsoft Visual Studio Solution File, Format Version 12.00
# Visual Studio Version 17
VisualStudioVersion = 17.7.34221.43
MinimumVisualStudioVersion = 10.0.40219.1
Project("{FAE04EC0-301F-11D3-BF4B-00C04F79EFBC}") = "С#50", "С#50.csproj", "{B78FE57B-B6FE-4171-955A-6B8DE1C07E75}"
EndProject
Global
	GlobalSection(SolutionConfigurationPlatforms) = preSolution
		Debug|Any CPU = Debug|Any CPU
		Release|Any CPU = Release|Any CPU
	EndGlobalSection
	GlobalSection(ProjectConfigurationPlatforms) = postSolution
		{B78FE57B-B6FE-4171-955A-6B8DE1C07E75}.Debug|Any CPU.ActiveCfg = Debug|Any CPU
		{B78FE57B-B6FE-4171-955A-6B8DE1C07E75}.Debug|Any CPU.Build.0 = Debug|Any CPU
		{B78FE57B-B6FE-4171-955A-6B8DE1C07E75}.Release|Any CPU.ActiveCfg = Release|Any CPU
		{B78FE57B-B6FE-4171-955A-6B8DE1C07E75}.Release|Any CPU.Build.0 = Release|Any CPU
	EndGlobalSection
	GlobalSection(SolutionProperties) = preSolution
		HideSolutionNode = FALSE
	EndGlobalSection
	GlobalSection(ExtensibilityGlobals) = postSolution
		SolutionGuid = {33B4C6DE-7D31-4736-A695-DE903C1CD4CB}
	EndGlobalSection
EndGlobal
